
Microsoft Visual Studio Solution File, Format Version 12.00
# Visual Studio Version 17
VisualStudioVersion = 17.8.34330.188
MinimumVisualStudioVersion = 10.0.40219.1
Project("{FAE04EC0-301F-11D3-BF4B-00C04F79EFBC}") = "TodoApp", "TodoApp\TodoApp.csproj", "{C68E0CB9-5E95-4C7D-BCCD-2D99B5CE81CB}"
EndProject
Global
	GlobalSection(SolutionConfigurationPlatforms) = preSolution
		Debug|Any CPU = Debug|Any CPU
		Release|Any CPU = Release|Any CPU
	EndGlobalSection
	GlobalSection(ProjectConfigurationPlatforms) = postSolution
		{C68E0CB9-5E95-4C7D-BCCD-2D99B5CE81CB}.Debug|Any CPU.ActiveCfg = Debug|Any CPU
		{C68E0CB9-5E95-4C7D-BCCD-2D99B5CE81CB}.Debug|Any CPU.Build.0 = Debug|Any CPU
		{C68E0CB9-5E95-4C7D-BCCD-2D99B5CE81CB}.Release|Any CPU.ActiveCfg = Release|Any CPU
		{C68E0CB9-5E95-4C7D-BCCD-2D99B5CE81CB}.Release|Any CPU.Build.0 = Release|Any CPU
	EndGlobalSection
	GlobalSection(SolutionProperties) = preSolution
		HideSolutionNode = FALSE
	EndGlobalSection
	GlobalSection(ExtensibilityGlobals) = postSolution
		SolutionGuid = {837AAC87-6C5D-4DB0-A2E2-4D8294D2A3C0}
	EndGlobalSection
EndGlobal
